
Microsoft Visual Studio Solution File, Format Version 11.00
# Visual Studio 2010
Project("{FAE04EC0-301F-11D3-BF4B-00C04F79EFBC}") = "BearCamp", "BearCamp\BearCamp.csproj", "{7DD2790E-3056-426D-B0FD-0C8B384D17BA}"
EndProject
Project("{FAE04EC0-301F-11D3-BF4B-00C04F79EFBC}") = "BearCommon", "BearCommon\BearCommon.csproj", "{42472B08-81E5-425D-B304-EDECC85EA980}"
EndProject
Project("{FAE04EC0-301F-11D3-BF4B-00C04F79EFBC}") = "BearEF", "BearEF\BearEF.csproj", "{0123799E-FDD5-4780-B3F7-9244D828008F}"
EndProject
Global
	GlobalSection(SolutionConfigurationPlatforms) = preSolution
		Debug|Any CPU = Debug|Any CPU
		Release|Any CPU = Release|Any CPU
	EndGlobalSection
	GlobalSection(ProjectConfigurationPlatforms) = postSolution
		{7DD2790E-3056-426D-B0FD-0C8B384D17BA}.Debug|Any CPU.ActiveCfg = Debug|Any CPU
		{7DD2790E-3056-426D-B0FD-0C8B384D17BA}.Debug|Any CPU.Build.0 = Debug|Any CPU
		{7DD2790E-3056-426D-B0FD-0C8B384D17BA}.Release|Any CPU.ActiveCfg = Release|Any CPU
		{7DD2790E-3056-426D-B0FD-0C8B384D17BA}.Release|Any CPU.Build.0 = Release|Any CPU
		{42472B08-81E5-425D-B304-EDECC85EA980}.Debug|Any CPU.ActiveCfg = Debug|Any CPU
		{42472B08-81E5-425D-B304-EDECC85EA980}.Debug|Any CPU.Build.0 = Debug|Any CPU
		{42472B08-81E5-425D-B304-EDECC85EA980}.Release|Any CPU.ActiveCfg = Release|Any CPU
		{42472B08-81E5-425D-B304-EDECC85EA980}.Release|Any CPU.Build.0 = Release|Any CPU
		{0123799E-FDD5-4780-B3F7-9244D828008F}.Debug|Any CPU.ActiveCfg = Debug|Any CPU
		{0123799E-FDD5-4780-B3F7-9244D828008F}.Debug|Any CPU.Build.0 = Debug|Any CPU
		{0123799E-FDD5-4780-B3F7-9244D828008F}.Release|Any CPU.ActiveCfg = Release|Any CPU
		{0123799E-FDD5-4780-B3F7-9244D828008F}.Release|Any CPU.Build.0 = Release|Any CPU
	EndGlobalSection
	GlobalSection(SolutionProperties) = preSolution
		HideSolutionNode = FALSE
	EndGlobalSection
	GlobalSection(ExtensibilityGlobals) = postSolution
		BuildVersion_BuildVersioningStyle = None.None.None.Increment
		BuildVersion_UseGlobalSettings = True
	EndGlobalSection
EndGlobal
